{
  "name": "fortune-cookie",
  "version": "1.0.0",
  "description": "Daily AI-powered fortune cookie app",
  "main": "server.js",
  "scripts": {
    "start": "node server.js"
  },
  "dependencies": {
    "cookie-parser": "^1.4.6",
    "express": "^4.18.2",
    "openai": "^5.12.2"
  },
  "engines": {
    "node": ">=18.x"
  }
}
